
Microsoft Visual Studio Solution File, Format Version 12.00
# Visual Studio 15
VisualStudioVersion = 15.0.27703.2042
MinimumVisualStudioVersion = 10.0.40219.1
Project("{FAE04EC0-301F-11D3-BF4B-00C04F79EFBC}") = "WebApplicationTheWinner", "WebApplicationTheWinner\WebApplicationTheWinner.csproj", "{B7B20628-4A78-49E7-982E-4D8C2BBF7181}"
EndProject
Global
	GlobalSection(SolutionConfigurationPlatforms) = preSolution
		Debug|Any CPU = Debug|Any CPU
		Release|Any CPU = Release|Any CPU
	EndGlobalSection
	GlobalSection(ProjectConfigurationPlatforms) = postSolution
		{B7B20628-4A78-49E7-982E-4D8C2BBF7181}.Debug|Any CPU.ActiveCfg = Debug|Any CPU
		{B7B20628-4A78-49E7-982E-4D8C2BBF7181}.Debug|Any CPU.Build.0 = Debug|Any CPU
		{B7B20628-4A78-49E7-982E-4D8C2BBF7181}.Release|Any CPU.ActiveCfg = Release|Any CPU
		{B7B20628-4A78-49E7-982E-4D8C2BBF7181}.Release|Any CPU.Build.0 = Release|Any CPU
	EndGlobalSection
	GlobalSection(SolutionProperties) = preSolution
		HideSolutionNode = FALSE
	EndGlobalSection
	GlobalSection(ExtensibilityGlobals) = postSolution
		SolutionGuid = {66EA1718-40D7-4709-B094-3B58AEA1F053}
	EndGlobalSection
EndGlobal
